{
  "name": "@careeros-forge-engine/repo-analysis-service",
  "version": "0.1.0",
  "lockfileVersion": 3,
  "requires": true,
  "packages": {
    "": {
      "name": "@careeros-forge-engine/repo-analysis-service",
      "version": "0.1.0",
      "dependencies": {
        "@nestjs/axios": "^3.1.3",
        "@nestjs/common": "^10.4.0",
        "@nestjs/config": "^3.3.0",
        "@nestjs/core": "^10.4.0",
        "@nestjs/platform-express": "^10.4.0",
        "class-transformer": "^0.5.1",
        "class-validator": "^0.15.1",
        "openai": "^4.70.0",
        "reflect-metadata": "^0.2.0",
        "rxjs": "^7.8.0",
        "zod": "^3.25.76"
      },
      "devDependencies": {
        "@nestjs/cli": "^10.4.0",
        "typescript": "^5.6.0"
      }
    },
    "../../node_modules/.pnpm/@nestjs+axios@3.1.3_@nestjs_767510b970236708ce1fdf04abb04fc3/node_modules/@nestjs/axios": {
      "version": "3.1.3",
      "license": "MIT",
      "devDependencies": {
        "@commitlint/cli": "19.6.0",
        "@commitlint/config-angular": "19.6.0",
        "@nestjs/common": "10.4.13",
        "@nestjs/core": "10.4.13",
        "@nestjs/platform-express": "10.4.13",
        "@nestjs/testing": "10.4.13",
        "@types/jest": "29.5.14",
        "@types/node": "22.10.1",
        "@typescript-eslint/eslint-plugin": "8.17.0",
        "@typescript-eslint/parser": "8.17.0",
        "axios": "1.7.9",
        "eslint": "9.16.0",
        "eslint-config-prettier": "9.1.0",
        "eslint-plugin-import": "2.31.0",
        "husky": "9.1.7",
        "jest": "29.7.0",
        "lint-staged": "15.2.10",
        "prettier": "3.4.2",
        "reflect-metadata": "0.2.2",
        "release-it": "17.10.0",
        "rimraf": "6.0.1",
        "rxjs": "7.8.1",
        "ts-jest": "29.2.5",
        "typescript": "5.7.2"
      },
      "peerDependencies": {
        "@nestjs/common": "^7.0.0 || ^8.0.0 || ^9.0.0 || ^10.0.0",
        "axios": "^1.3.1",
        "rxjs": "^6.0.0 || ^7.0.0"
      }
    },
    "../../node_modules/.pnpm/@nestjs+cli@10.4.9/node_modules/@nestjs/cli": {
      "version": "10.4.9",
      "dev": true,
      "license": "MIT",
      "dependencies": {
        "@angular-devkit/core": "17.3.11",
        "@angular-devkit/schematics": "17.3.11",
        "@angular-devkit/schematics-cli": "17.3.11",
        "@nestjs/schematics": "^10.0.1",
        "chalk": "4.1.2",
        "chokidar": "3.6.0",
        "cli-table3": "0.6.5",
        "commander": "4.1.1",
        "fork-ts-checker-webpack-plugin": "9.0.2",
        "glob": "10.4.5",
        "inquirer": "8.2.6",
        "node-emoji": "1.11.0",
        "ora": "5.4.1",
        "tree-kill": "1.2.2",
        "tsconfig-paths": "4.2.0",
        "tsconfig-paths-webpack-plugin": "4.2.0",
        "typescript": "5.7.2",
        "webpack": "5.97.1",
        "webpack-node-externals": "3.0.0"
      },
      "bin": {
        "nest": "bin/nest.js"
      },
      "devDependencies": {
        "@commitlint/cli": "19.6.0",
        "@commitlint/config-angular": "19.6.0",
        "@swc/cli": "0.5.2",
        "@swc/core": "1.10.1",
        "@types/inquirer": "9.0.7",
        "@types/jest": "29.5.14",
        "@types/node": "22.10.1",
        "@types/node-emoji": "1.8.2",
        "@types/webpack-node-externals": "3.0.4",
        "@typescript-eslint/eslint-plugin": "8.17.0",
        "@typescript-eslint/parser": "8.17.0",
        "delete-empty": "3.0.0",
        "eslint": "9.16.0",
        "eslint-config-prettier": "9.1.0",
        "gulp": "5.0.0",
        "gulp-clean": "0.4.0",
        "husky": "9.1.7",
        "jest": "29.7.0",
        "lint-staged": "15.2.10",
        "prettier": "3.4.2",
        "release-it": "17.10.0",
        "ts-jest": "29.2.5",
        "ts-loader": "9.5.1",
        "ts-node": "10.9.2"
      },
      "engines": {
        "node": ">= 16.14"
      },
      "peerDependencies": {
        "@swc/cli": "^0.1.62 || ^0.3.0 || ^0.4.0 || ^0.5.0",
        "@swc/core": "^1.3.62"
      },
      "peerDependenciesMeta": {
        "@swc/cli": {
          "optional": true
        },
        "@swc/core": {
          "optional": true
        }
      }
    },
    "../../node_modules/.pnpm/@nestjs+common@10.4.22_clas_c8872b1a5dce14d4b2b176f4857d0d0c/node_modules/@nestjs/common": {
      "version": "10.4.22",
      "license": "MIT",
      "dependencies": {
        "file-type": "20.4.1",
        "iterare": "1.2.1",
        "tslib": "2.8.1",
        "uid": "2.0.2"
      },
      "funding": {
        "type": "opencollective",
        "url": "https://opencollective.com/nest"
      },
      "peerDependencies": {
        "class-transformer": "*",
        "class-validator": "*",
        "reflect-metadata": "^0.1.12 || ^0.2.0",
        "rxjs": "^7.1.0"
      },
      "peerDependenciesMeta": {
        "class-transformer": {
          "optional": true
        },
        "class-validator": {
          "optional": true
        }
      }
    },
    "../../node_modules/.pnpm/@nestjs+config@3.3.0_@nestj_7ee0d073106ddbf02a48c32de7263765/node_modules/@nestjs/config": {
      "version": "3.3.0",
      "license": "MIT",
      "dependencies": {
        "dotenv": "16.4.5",
        "dotenv-expand": "10.0.0",
        "lodash": "4.17.21"
      },
      "devDependencies": {
        "@commitlint/cli": "19.5.0",
        "@commitlint/config-angular": "19.5.0",
        "@nestjs/common": "10.4.5",
        "@nestjs/core": "10.4.5",
        "@nestjs/platform-express": "10.4.5",
        "@nestjs/testing": "10.4.5",
        "@types/jest": "29.5.13",
        "@types/lodash": "4.17.12",
        "@types/node": "20.16.13",
        "@typescript-eslint/eslint-plugin": "8.10.0",
        "@typescript-eslint/parser": "8.10.0",
        "eslint": "9.13.0",
        "eslint-config-prettier": "9.1.0",
        "eslint-plugin-import": "2.31.0",
        "husky": "9.1.6",
        "jest": "29.7.0",
        "joi": "17.13.3",
        "lint-staged": "15.2.10",
        "prettier": "3.3.3",
        "reflect-metadata": "0.2.2",
        "release-it": "17.10.0",
        "rimraf": "6.0.1",
        "rxjs": "7.8.1",
        "ts-jest": "29.2.5",
        "typescript": "5.6.3"
      },
      "peerDependencies": {
        "@nestjs/common": "^8.0.0 || ^9.0.0 || ^10.0.0",
        "rxjs": "^7.1.0"
      }
    },
    "../../node_modules/.pnpm/@nestjs+core@10.4.22_@nestj_a3d26af7595ce50c2a9025a1c3b3a22d/node_modules/@nestjs/core": {
      "version": "10.4.22",
      "hasInstallScript": true,
      "license": "MIT",
      "dependencies": {
        "@nuxtjs/opencollective": "0.3.2",
        "fast-safe-stringify": "2.1.1",
        "iterare": "1.2.1",
        "path-to-regexp": "3.3.0",
        "tslib": "2.8.1",
        "uid": "2.0.2"
      },
      "devDependencies": {
        "@nestjs/common": "^10.4.22"
      },
      "funding": {
        "type": "opencollective",
        "url": "https://opencollective.com/nest"
      },
      "peerDependencies": {
        "@nestjs/common": "^10.0.0",
        "@nestjs/microservices": "^10.0.0",
        "@nestjs/platform-express": "^10.0.0",
        "@nestjs/websockets": "^10.0.0",
        "reflect-metadata": "^0.1.12 || ^0.2.0",
        "rxjs": "^7.1.0"
      },
      "peerDependenciesMeta": {
        "@nestjs/microservices": {
          "optional": true
        },
        "@nestjs/platform-express": {
          "optional": true
        },
        "@nestjs/websockets": {
          "optional": true
        }
      }
    },
    "../../node_modules/.pnpm/@nestjs+platform-express@10_795a7c87fa3e5cd6ba081ef20e3755d8/node_modules/@nestjs/platform-express": {
      "version": "10.4.22",
      "license": "MIT",
      "dependencies": {
        "body-parser": "1.20.4",
        "cors": "2.8.5",
        "express": "4.22.1",
        "multer": "2.0.2",
        "tslib": "2.8.1"
      },
      "devDependencies": {
        "@nestjs/common": "^10.4.22",
        "@nestjs/core": "^10.4.22"
      },
      "funding": {
        "type": "opencollective",
        "url": "https://opencollective.com/nest"
      },
      "peerDependencies": {
        "@nestjs/common": "^10.0.0",
        "@nestjs/core": "^10.0.0"
      }
    },
    "../../node_modules/.pnpm/openai@4.104.0_encoding@0.1.13_zod@3.25.76/node_modules/openai": {
      "version": "4.104.0",
      "license": "Apache-2.0",
      "dependencies": {
        "@types/node": "^18.11.18",
        "@types/node-fetch": "^2.6.4",
        "abort-controller": "^3.0.0",
        "agentkeepalive": "^4.2.1",
        "form-data-encoder": "1.7.2",
        "formdata-node": "^4.3.2",
        "node-fetch": "^2.6.7"
      },
      "bin": {
        "openai": "bin/cli"
      },
      "peerDependencies": {
        "ws": "^8.18.0",
        "zod": "^3.23.8"
      },
      "peerDependenciesMeta": {
        "ws": {
          "optional": true
        },
        "zod": {
          "optional": true
        }
      }
    },
    "../../node_modules/.pnpm/reflect-metadata@0.2.2/node_modules/reflect-metadata": {
      "version": "0.2.2",
      "license": "Apache-2.0",
      "devDependencies": {
        "@types/chai": "^3.4.34",
        "@types/mocha": "^2.2.34",
        "@types/node": "^10.17.60",
        "chai": "^3.5.0",
        "del": "^2.2.2",
        "ecmarkup": "^3.9.3",
        "gulp": "^3.9.1",
        "gulp-emu": "^1.1.0",
        "gulp-live-server": "0.0.30",
        "gulp-mocha": "^3.0.1",
        "gulp-rename": "^1.2.2",
        "gulp-sequence": "^0.4.6",
        "gulp-tsb": "^2.0.3",
        "mocha": "^3.2.0",
        "typescript": "^2.1.4"
      }
    },
    "../../node_modules/.pnpm/rxjs@7.8.2/node_modules/rxjs": {
      "version": "7.8.2",
      "license": "Apache-2.0",
      "dependencies": {
        "tslib": "^2.1.0"
      },
      "devDependencies": {
        "@angular-devkit/build-optimizer": "0.4.6",
        "@angular-devkit/schematics": "^11.0.7",
        "@swc/core": "^1.2.128",
        "@swc/helpers": "^0.3.2",
        "@types/chai": "^4.2.11",
        "@types/lodash": "4.14.102",
        "@types/mocha": "^7.0.2",
        "@types/node": "^14.14.6",
        "@types/shelljs": "^0.8.8",
        "@types/sinon": "4.1.3",
        "@types/sinon-chai": "2.7.29",
        "@types/source-map": "^0.5.2",
        "@typescript-eslint/eslint-plugin": "^4.29.1",
        "@typescript-eslint/parser": "^4.29.1",
        "babel-polyfill": "6.26.0",
        "chai": "^4.2.0",
        "check-side-effects": "0.0.23",
        "color": "3.0.0",
        "colors": "1.1.2",
        "cross-env": "5.1.3",
        "cz-conventional-changelog": "1.2.0",
        "dependency-cruiser": "^9.12.0",
        "escape-string-regexp": "1.0.5",
        "eslint": "^7.8.1",
        "eslint-plugin-jasmine": "^2.10.1",
        "form-data": "^3.0.0",
        "fs-extra": "^8.1.0",
        "glob": "7.1.2",
        "google-closure-compiler-js": "20170218.0.0",
        "husky": "^4.2.5",
        "klaw-sync": "3.0.2",
        "lint-staged": "^10.2.11",
        "lodash": "^4.17.15",
        "minimist": "^1.2.5",
        "mocha": "^8.1.3",
        "nodemon": "^1.9.2",
        "npm-run-all": "4.1.2",
        "opn-cli": "3.1.0",
        "platform": "1.3.5",
        "prettier": "^2.5.1",
        "promise": "8.0.1",
        "rollup": "0.66.6",
        "rollup-plugin-alias": "1.4.0",
        "rollup-plugin-inject": "2.0.0",
        "rollup-plugin-node-resolve": "2.0.0",
        "shelljs": "^0.8.4",
        "shx": "^0.3.2",
        "sinon": "4.3.0",
        "sinon-chai": "2.14.0",
        "source-map-support": "0.5.3",
        "systemjs": "^0.21.0",
        "ts-node": "^9.1.1",
        "tslint": "^5.20.1",
        "tslint-config-prettier": "^1.18.0",
        "tslint-etc": "1.13.10",
        "tslint-no-toplevel-property-access": "0.0.2",
        "tslint-no-unused-expression-chai": "0.0.3",
        "typescript": "~4.2.0",
        "validate-commit-msg": "2.14.0",
        "web-streams-polyfill": "^3.0.2",
        "webpack": "^4.31.0"
      }
    },
    "../../node_modules/.pnpm/typescript@5.9.3/node_modules/typescript": {
      "version": "5.9.3",
      "dev": true,
      "license": "Apache-2.0",
      "bin": {
        "tsc": "bin/tsc",
        "tsserver": "bin/tsserver"
      },
      "devDependencies": {
        "@dprint/formatter": "^0.4.1",
        "@dprint/typescript": "0.93.4",
        "@esfx/canceltoken": "^1.0.0",
        "@eslint/js": "^9.20.0",
        "@octokit/rest": "^21.1.1",
        "@types/chai": "^4.3.20",
        "@types/diff": "^7.0.1",
        "@types/minimist": "^1.2.5",
        "@types/mocha": "^10.0.10",
        "@types/ms": "^0.7.34",
        "@types/node": "latest",
        "@types/source-map-support": "^0.5.10",
        "@types/which": "^3.0.4",
        "@typescript-eslint/rule-tester": "^8.24.1",
        "@typescript-eslint/type-utils": "^8.24.1",
        "@typescript-eslint/utils": "^8.24.1",
        "azure-devops-node-api": "^14.1.0",
        "c8": "^10.1.3",
        "chai": "^4.5.0",
        "chokidar": "^4.0.3",
        "diff": "^7.0.0",
        "dprint": "^0.49.0",
        "esbuild": "^0.25.0",
        "eslint": "^9.20.1",
        "eslint-formatter-autolinkable-stylish": "^1.4.0",
        "eslint-plugin-regexp": "^2.7.0",
        "fast-xml-parser": "^4.5.2",
        "glob": "^10.4.5",
        "globals": "^15.15.0",
        "hereby": "^1.10.0",
        "jsonc-parser": "^3.3.1",
        "knip": "^5.44.4",
        "minimist": "^1.2.8",
        "mocha": "^10.8.2",
        "mocha-fivemat-progress-reporter": "^0.1.0",
        "monocart-coverage-reports": "^2.12.1",
        "ms": "^2.1.3",
        "picocolors": "^1.1.1",
        "playwright": "^1.50.1",
        "source-map-support": "^0.5.21",
        "tslib": "^2.8.1",
        "typescript": "^5.7.3",
        "typescript-eslint": "^8.24.1",
        "which": "^3.0.1"
      },
      "engines": {
        "node": ">=14.17"
      }
    },
    "node_modules/@nestjs/axios": {
      "resolved": "../../node_modules/.pnpm/@nestjs+axios@3.1.3_@nestjs_767510b970236708ce1fdf04abb04fc3/node_modules/@nestjs/axios",
      "link": true
    },
    "node_modules/@nestjs/cli": {
      "resolved": "../../node_modules/.pnpm/@nestjs+cli@10.4.9/node_modules/@nestjs/cli",
      "link": true
    },
    "node_modules/@nestjs/common": {
      "resolved": "../../node_modules/.pnpm/@nestjs+common@10.4.22_clas_c8872b1a5dce14d4b2b176f4857d0d0c/node_modules/@nestjs/common",
      "link": true
    },
    "node_modules/@nestjs/config": {
      "resolved": "../../node_modules/.pnpm/@nestjs+config@3.3.0_@nestj_7ee0d073106ddbf02a48c32de7263765/node_modules/@nestjs/config",
      "link": true
    },
    "node_modules/@nestjs/core": {
      "resolved": "../../node_modules/.pnpm/@nestjs+core@10.4.22_@nestj_a3d26af7595ce50c2a9025a1c3b3a22d/node_modules/@nestjs/core",
      "link": true
    },
    "node_modules/@nestjs/platform-express": {
      "resolved": "../../node_modules/.pnpm/@nestjs+platform-express@10_795a7c87fa3e5cd6ba081ef20e3755d8/node_modules/@nestjs/platform-express",
      "link": true
    },
    "node_modules/@types/validator": {
      "version": "13.15.10",
      "resolved": "https://registry.npmjs.org/@types/validator/-/validator-13.15.10.tgz",
      "integrity": "sha512-T8L6i7wCuyoK8A/ZeLYt1+q0ty3Zb9+qbSSvrIVitzT3YjZqkTZ40IbRsPanlB4h1QB3JVL1SYCdR6ngtFYcuA==",
      "license": "MIT"
    },
    "node_modules/class-transformer": {
      "version": "0.5.1",
      "resolved": "https://registry.npmjs.org/class-transformer/-/class-transformer-0.5.1.tgz",
      "integrity": "sha512-SQa1Ws6hUbfC98vKGxZH3KFY0Y1lm5Zm0SY8XX9zbK7FJCyVEac3ATW0RIpwzW+oOfmHE5PMPufDG9hCfoEOMw==",
      "license": "MIT"
    },
    "node_modules/class-validator": {
      "version": "0.15.1",
      "resolved": "https://registry.npmjs.org/class-validator/-/class-validator-0.15.1.tgz",
      "integrity": "sha512-LqoS80HBBSCVhz/3KloUly0ovokxpdOLR++Al3J3+dHXWt9sTKlKd4eYtoxhxyUjoe5+UcIM+5k9MIxyBWnRTw==",
      "license": "MIT",
      "dependencies": {
        "@types/validator": "^13.15.3",
        "libphonenumber-js": "^1.11.1",
        "validator": "^13.15.22"
      }
    },
    "node_modules/libphonenumber-js": {
      "version": "1.12.41",
      "resolved": "https://registry.npmjs.org/libphonenumber-js/-/libphonenumber-js-1.12.41.tgz",
      "integrity": "sha512-lsmMmGXBxXIK/VMLEj0kL6MtUs1kBGj1nTCzi6zgQoG1DEwqwt2DQyHxcLykceIxAnfE3hya7NuIh6PpC6S3fA==",
      "license": "MIT"
    },
    "node_modules/openai": {
      "resolved": "../../node_modules/.pnpm/openai@4.104.0_encoding@0.1.13_zod@3.25.76/node_modules/openai",
      "link": true
    },
    "node_modules/reflect-metadata": {
      "resolved": "../../node_modules/.pnpm/reflect-metadata@0.2.2/node_modules/reflect-metadata",
      "link": true
    },
    "node_modules/rxjs": {
      "resolved": "../../node_modules/.pnpm/rxjs@7.8.2/node_modules/rxjs",
      "link": true
    },
    "node_modules/typescript": {
      "resolved": "../../node_modules/.pnpm/typescript@5.9.3/node_modules/typescript",
      "link": true
    },
    "node_modules/validator": {
      "version": "13.15.35",
      "resolved": "https://registry.npmjs.org/validator/-/validator-13.15.35.tgz",
      "integrity": "sha512-TQ5pAGhd5whStmqWvYF4OjQROlmv9SMFVt37qoCBdqRffuuklWYQlCNnEs2ZaIBD1kZRNnikiZOS1eqgkar0iw==",
      "license": "MIT",
      "engines": {
        "node": ">= 0.10"
      }
    },
    "node_modules/zod": {
      "version": "3.25.76",
      "resolved": "https://registry.npmjs.org/zod/-/zod-3.25.76.tgz",
      "integrity": "sha512-gzUt/qt81nXsFGKIFcC3YnfEAx5NkunCfnDlvuBSSFS02bcXu4Lmea0AFIUwbLWxWPx3d9p8S5QoaujKcNQxcQ==",
      "license": "MIT",
      "funding": {
        "url": "https://github.com/sponsors/colinhacks"
      }
    }
  }
}
